
Microsoft Visual Studio Solution File, Format Version 12.00
# Visual Studio Version 16
VisualStudioVersion = 16.0.32930.78
MinimumVisualStudioVersion = 10.0.40219.1
Project("{FAE04EC0-301F-11D3-BF4B-00C04F79EFBC}") = "ReGenerateReport.Web", "ReGenerateReport.Web\ReGenerateReport.Web.csproj", "{C8B09465-61A0-44D7-854D-4C7B005E9F84}"
EndProject
Project("{FAE04EC0-301F-11D3-BF4B-00C04F79EFBC}") = "ReGenerateReport.Api", "ReGenerateReport.Web\ReGenerateReport.Api\ReGenerateReport.Api.csproj", "{3D02C139-1BCE-43F9-9CB0-A50571D21479}"
EndProject
Global
	GlobalSection(SolutionConfigurationPlatforms) = preSolution
		Debug|Any CPU = Debug|Any CPU
		Release|Any CPU = Release|Any CPU
	EndGlobalSection
	GlobalSection(ProjectConfigurationPlatforms) = postSolution
		{C8B09465-61A0-44D7-854D-4C7B005E9F84}.Debug|Any CPU.ActiveCfg = Debug|Any CPU
		{C8B09465-61A0-44D7-854D-4C7B005E9F84}.Debug|Any CPU.Build.0 = Debug|Any CPU
		{C8B09465-61A0-44D7-854D-4C7B005E9F84}.Release|Any CPU.ActiveCfg = Release|Any CPU
		{C8B09465-61A0-44D7-854D-4C7B005E9F84}.Release|Any CPU.Build.0 = Release|Any CPU
		{3D02C139-1BCE-43F9-9CB0-A50571D21479}.Debug|Any CPU.ActiveCfg = Debug|Any CPU
		{3D02C139-1BCE-43F9-9CB0-A50571D21479}.Debug|Any CPU.Build.0 = Debug|Any CPU
		{3D02C139-1BCE-43F9-9CB0-A50571D21479}.Release|Any CPU.ActiveCfg = Release|Any CPU
		{3D02C139-1BCE-43F9-9CB0-A50571D21479}.Release|Any CPU.Build.0 = Release|Any CPU
	EndGlobalSection
	GlobalSection(SolutionProperties) = preSolution
		HideSolutionNode = FALSE
	EndGlobalSection
	GlobalSection(ExtensibilityGlobals) = postSolution
		SolutionGuid = {7D49CF23-46FF-45BB-8022-346F4253C348}
	EndGlobalSection
EndGlobal
